
Microsoft Visual Studio Solution File, Format Version 12.00
# Visual Studio Version 17
VisualStudioVersion = 17.5.33530.505
MinimumVisualStudioVersion = 10.0.40219.1
Project("{FAE04EC0-301F-11D3-BF4B-00C04F79EFBC}") = "MembrosEstaticosVersao1", "MembrosEstaticosVersao1\MembrosEstaticosVersao1.csproj", "{DFBCDE34-C76E-41D9-AB0A-00A12C985EBC}"
EndProject
Global
	GlobalSection(SolutionConfigurationPlatforms) = preSolution
		Debug|Any CPU = Debug|Any CPU
		Release|Any CPU = Release|Any CPU
	EndGlobalSection
	GlobalSection(ProjectConfigurationPlatforms) = postSolution
		{DFBCDE34-C76E-41D9-AB0A-00A12C985EBC}.Debug|Any CPU.ActiveCfg = Debug|Any CPU
		{DFBCDE34-C76E-41D9-AB0A-00A12C985EBC}.Debug|Any CPU.Build.0 = Debug|Any CPU
		{DFBCDE34-C76E-41D9-AB0A-00A12C985EBC}.Release|Any CPU.ActiveCfg = Release|Any CPU
		{DFBCDE34-C76E-41D9-AB0A-00A12C985EBC}.Release|Any CPU.Build.0 = Release|Any CPU
	EndGlobalSection
	GlobalSection(SolutionProperties) = preSolution
		HideSolutionNode = FALSE
	EndGlobalSection
	GlobalSection(ExtensibilityGlobals) = postSolution
		SolutionGuid = {90BDDF8F-6505-4EBA-BBF3-D54672416174}
	EndGlobalSection
EndGlobal
